# THIS IS AN AUTOGENERATED FILE. DO NOT EDIT THIS FILE DIRECTLY.
# yarn lockfile v1


debug@~1.0.2:
  version "1.0.4"
  resolved "https://registry.yarnpkg.com/debug/-/debug-1.0.4.tgz#5b9c256bd54b6ec02283176fa8a0ede6d154cbf8"
  dependencies:
    ms "0.6.2"

ms@0.6.2:
  version "0.6.2"
  resolved "https://registry.yarnpkg.com/ms/-/ms-0.6.2.tgz#d89c2124c6fdc1353d65a8b77bf1aac4b193708c"

xinput@^0.5.0:
  version "0.5.0"
  resolved "https://registry.yarnpkg.com/xinput/-/xinput-0.5.0.tgz#45116f98fab46770c2d3167a4cad8512f12016af"
  dependencies:
    debug "~1.0.2"
